
Microsoft Visual Studio Solution File, Format Version 12.00
# Visual Studio Version 16
VisualStudioVersion = 16.0.31424.327
MinimumVisualStudioVersion = 10.0.40219.1
Project("{FAE04EC0-301F-11D3-BF4B-00C04F79EFBC}") = "PyamentAPI", "PyamentAPI\PyamentAPI.csproj", "{FF4E656C-0A4E-4510-BCB4-A96B5D58E74F}"
EndProject
Global
	GlobalSection(SolutionConfigurationPlatforms) = preSolution
		Debug|Any CPU = Debug|Any CPU
		Release|Any CPU = Release|Any CPU
	EndGlobalSection
	GlobalSection(ProjectConfigurationPlatforms) = postSolution
		{FF4E656C-0A4E-4510-BCB4-A96B5D58E74F}.Debug|Any CPU.ActiveCfg = Debug|Any CPU
		{FF4E656C-0A4E-4510-BCB4-A96B5D58E74F}.Debug|Any CPU.Build.0 = Debug|Any CPU
		{FF4E656C-0A4E-4510-BCB4-A96B5D58E74F}.Release|Any CPU.ActiveCfg = Release|Any CPU
		{FF4E656C-0A4E-4510-BCB4-A96B5D58E74F}.Release|Any CPU.Build.0 = Release|Any CPU
	EndGlobalSection
	GlobalSection(SolutionProperties) = preSolution
		HideSolutionNode = FALSE
	EndGlobalSection
	GlobalSection(ExtensibilityGlobals) = postSolution
		SolutionGuid = {A05CA46D-C87D-4A62-82B9-80D39D2E26AE}
	EndGlobalSection
EndGlobal
